
Microsoft Visual Studio Solution File, Format Version 12.00
# Visual Studio Version 17
VisualStudioVersion = 17.1.32407.343
MinimumVisualStudioVersion = 10.0.40219.1
Project("{FAE04EC0-301F-11D3-BF4B-00C04F79EFBC}") = "InspectionAPI", "InspectionAPI\InspectionAPI.csproj", "{AA8F5E1E-5DFE-4A0C-8EB0-E6EF428A2656}"
EndProject
Global
	GlobalSection(SolutionConfigurationPlatforms) = preSolution
		Debug|Any CPU = Debug|Any CPU
		Release|Any CPU = Release|Any CPU
	EndGlobalSection
	GlobalSection(ProjectConfigurationPlatforms) = postSolution
		{AA8F5E1E-5DFE-4A0C-8EB0-E6EF428A2656}.Debug|Any CPU.ActiveCfg = Debug|Any CPU
		{AA8F5E1E-5DFE-4A0C-8EB0-E6EF428A2656}.Debug|Any CPU.Build.0 = Debug|Any CPU
		{AA8F5E1E-5DFE-4A0C-8EB0-E6EF428A2656}.Release|Any CPU.ActiveCfg = Release|Any CPU
		{AA8F5E1E-5DFE-4A0C-8EB0-E6EF428A2656}.Release|Any CPU.Build.0 = Release|Any CPU
	EndGlobalSection
	GlobalSection(SolutionProperties) = preSolution
		HideSolutionNode = FALSE
	EndGlobalSection
	GlobalSection(ExtensibilityGlobals) = postSolution
		SolutionGuid = {F28B4593-FE21-4F7C-B1AC-0634F67A87AF}
	EndGlobalSection
EndGlobal
